
Microsoft Visual Studio Solution File, Format Version 12.00
# Visual Studio Version 16
VisualStudioVersion = 16.0.29201.188
MinimumVisualStudioVersion = 10.0.40219.1
Project("{9A19103F-16F7-4668-BE54-9A1E7A4F7556}") = "GraphQLAuthorization", "GraphQLAuthorization\GraphQLAuthorization.csproj", "{958FBAE6-8970-4A4A-85C2-FA5C3B35BCF3}"
EndProject
Project("{9A19103F-16F7-4668-BE54-9A1E7A4F7556}") = "ODataAuthorization", "ODataAuthorization\ODataAuthorization.csproj", "{1E07B7C6-F878-4DC0-A454-06EDFA1BD7AF}"
EndProject
Project("{9A19103F-16F7-4668-BE54-9A1E7A4F7556}") = "ComposableWebApplication", "ComposableWebApplication\ComposableWebApplication.csproj", "{618B9C61-C73B-4F60-ACEE-64A7DD9EE3A0}"
EndProject
Project("{9A19103F-16F7-4668-BE54-9A1E7A4F7556}") = "ComposableWebApplication.Plugin1", "ComposableWebApplication.Plugin1\ComposableWebApplication.Plugin1.csproj", "{5305A118-B05C-479B-A1CD-D1E681DFF401}"
EndProject
Project("{9A19103F-16F7-4668-BE54-9A1E7A4F7556}") = "ComposableWebApplication.Plugin2", "ComposableWebApplication.Plugin2\ComposableWebApplication.Plugin2.csproj", "{47316E1C-4936-4A7E-9CA6-B36D259B2F60}"
EndProject
Project("{9A19103F-16F7-4668-BE54-9A1E7A4F7556}") = "ComposableWebApplication.SDK.Core", "ComposableWebApplication.SDK.Core\ComposableWebApplication.SDK.Core.csproj", "{2D6EC134-517C-4A8B-A44F-12E7BB72DF19}"
EndProject
Project("{9A19103F-16F7-4668-BE54-9A1E7A4F7556}") = "ComposableWebApplication.SDK.Web", "ComposableWebApplication.SDK.Web\ComposableWebApplication.SDK.Web.csproj", "{71DFE626-886C-4B26-84BD-7AE5BA1128A5}"
EndProject
Project("{9A19103F-16F7-4668-BE54-9A1E7A4F7556}") = "ComposableWebApplication.Plugin3", "ComposableWebApplication.Plugin3\ComposableWebApplication.Plugin3.csproj", "{B30211AA-74C0-40C0-BF80-5CA731B390B4}"
EndProject
Project("{FAE04EC0-301F-11D3-BF4B-00C04F79EFBC}") = "ComposableWebApplication.Blazor", "ComposableWebApplication.Blazor\ComposableWebApplication.Blazor.csproj", "{12959F99-58C5-4F97-BC4B-44E28F6A68A1}"
EndProject
Project("{FAE04EC0-301F-11D3-BF4B-00C04F79EFBC}") = "ComposableWebApplication.Blazor.UI", "ComposableWebApplication.Blazor.UI\ComposableWebApplication.Blazor.UI.csproj", "{975447C5-CE4F-41BD-894C-7148EC1B45DF}"
EndProject
Global
	GlobalSection(SolutionConfigurationPlatforms) = preSolution
		Debug|Any CPU = Debug|Any CPU
		Release|Any CPU = Release|Any CPU
	EndGlobalSection
	GlobalSection(ProjectConfigurationPlatforms) = postSolution
		{958FBAE6-8970-4A4A-85C2-FA5C3B35BCF3}.Debug|Any CPU.ActiveCfg = Debug|Any CPU
		{958FBAE6-8970-4A4A-85C2-FA5C3B35BCF3}.Debug|Any CPU.Build.0 = Debug|Any CPU
		{958FBAE6-8970-4A4A-85C2-FA5C3B35BCF3}.Release|Any CPU.ActiveCfg = Release|Any CPU
		{958FBAE6-8970-4A4A-85C2-FA5C3B35BCF3}.Release|Any CPU.Build.0 = Release|Any CPU
		{1E07B7C6-F878-4DC0-A454-06EDFA1BD7AF}.Debug|Any CPU.ActiveCfg = Debug|Any CPU
		{1E07B7C6-F878-4DC0-A454-06EDFA1BD7AF}.Debug|Any CPU.Build.0 = Debug|Any CPU
		{1E07B7C6-F878-4DC0-A454-06EDFA1BD7AF}.Release|Any CPU.ActiveCfg = Release|Any CPU
		{1E07B7C6-F878-4DC0-A454-06EDFA1BD7AF}.Release|Any CPU.Build.0 = Release|Any CPU
		{618B9C61-C73B-4F60-ACEE-64A7DD9EE3A0}.Debug|Any CPU.ActiveCfg = Debug|Any CPU
		{618B9C61-C73B-4F60-ACEE-64A7DD9EE3A0}.Debug|Any CPU.Build.0 = Debug|Any CPU
		{618B9C61-C73B-4F60-ACEE-64A7DD9EE3A0}.Release|Any CPU.ActiveCfg = Release|Any CPU
		{618B9C61-C73B-4F60-ACEE-64A7DD9EE3A0}.Release|Any CPU.Build.0 = Release|Any CPU
		{5305A118-B05C-479B-A1CD-D1E681DFF401}.Debug|Any CPU.ActiveCfg = Debug|Any CPU
		{5305A118-B05C-479B-A1CD-D1E681DFF401}.Debug|Any CPU.Build.0 = Debug|Any CPU
		{5305A118-B05C-479B-A1CD-D1E681DFF401}.Release|Any CPU.ActiveCfg = Release|Any CPU
		{5305A118-B05C-479B-A1CD-D1E681DFF401}.Release|Any CPU.Build.0 = Release|Any CPU
		{47316E1C-4936-4A7E-9CA6-B36D259B2F60}.Debug|Any CPU.ActiveCfg = Debug|Any CPU
		{47316E1C-4936-4A7E-9CA6-B36D259B2F60}.Debug|Any CPU.Build.0 = Debug|Any CPU
		{47316E1C-4936-4A7E-9CA6-B36D259B2F60}.Release|Any CPU.ActiveCfg = Release|Any CPU
		{47316E1C-4936-4A7E-9CA6-B36D259B2F60}.Release|Any CPU.Build.0 = Release|Any CPU
		{2D6EC134-517C-4A8B-A44F-12E7BB72DF19}.Debug|Any CPU.ActiveCfg = Debug|Any CPU
		{2D6EC134-517C-4A8B-A44F-12E7BB72DF19}.Debug|Any CPU.Build.0 = Debug|Any CPU
		{2D6EC134-517C-4A8B-A44F-12E7BB72DF19}.Release|Any CPU.ActiveCfg = Release|Any CPU
		{2D6EC134-517C-4A8B-A44F-12E7BB72DF19}.Release|Any CPU.Build.0 = Release|Any CPU
		{71DFE626-886C-4B26-84BD-7AE5BA1128A5}.Debug|Any CPU.ActiveCfg = Debug|Any CPU
		{71DFE626-886C-4B26-84BD-7AE5BA1128A5}.Debug|Any CPU.Build.0 = Debug|Any CPU
		{71DFE626-886C-4B26-84BD-7AE5BA1128A5}.Release|Any CPU.ActiveCfg = Release|Any CPU
		{71DFE626-886C-4B26-84BD-7AE5BA1128A5}.Release|Any CPU.Build.0 = Release|Any CPU
		{B30211AA-74C0-40C0-BF80-5CA731B390B4}.Debug|Any CPU.ActiveCfg = Debug|Any CPU
		{B30211AA-74C0-40C0-BF80-5CA731B390B4}.Debug|Any CPU.Build.0 = Debug|Any CPU
		{B30211AA-74C0-40C0-BF80-5CA731B390B4}.Release|Any CPU.ActiveCfg = Release|Any CPU
		{B30211AA-74C0-40C0-BF80-5CA731B390B4}.Release|Any CPU.Build.0 = Release|Any CPU
		{12959F99-58C5-4F97-BC4B-44E28F6A68A1}.Debug|Any CPU.ActiveCfg = Debug|Any CPU
		{12959F99-58C5-4F97-BC4B-44E28F6A68A1}.Debug|Any CPU.Build.0 = Debug|Any CPU
		{12959F99-58C5-4F97-BC4B-44E28F6A68A1}.Release|Any CPU.ActiveCfg = Release|Any CPU
		{12959F99-58C5-4F97-BC4B-44E28F6A68A1}.Release|Any CPU.Build.0 = Release|Any CPU
		{975447C5-CE4F-41BD-894C-7148EC1B45DF}.Debug|Any CPU.ActiveCfg = Debug|Any CPU
		{975447C5-CE4F-41BD-894C-7148EC1B45DF}.Debug|Any CPU.Build.0 = Debug|Any CPU
		{975447C5-CE4F-41BD-894C-7148EC1B45DF}.Release|Any CPU.ActiveCfg = Release|Any CPU
		{975447C5-CE4F-41BD-894C-7148EC1B45DF}.Release|Any CPU.Build.0 = Release|Any CPU
	EndGlobalSection
	GlobalSection(SolutionProperties) = preSolution
		HideSolutionNode = FALSE
	EndGlobalSection
	GlobalSection(ExtensibilityGlobals) = postSolution
		SolutionGuid = {9519F636-1DDF-464F-9BE2-FFFD51628E4F}
	EndGlobalSection
EndGlobal
