
Microsoft Visual Studio Solution File, Format Version 12.00
# Visual Studio Version 16
VisualStudioVersion = 16.0.29201.188
MinimumVisualStudioVersion = 10.0.40219.1
Project("{9A19103F-16F7-4668-BE54-9A1E7A4F7556}") = "GraphQLAuthorization", "GraphQLAuthorization\GraphQLAuthorization.csproj", "{958FBAE6-8970-4A4A-85C2-FA5C3B35BCF3}"
EndProject
Project("{9A19103F-16F7-4668-BE54-9A1E7A4F7556}") = "ODataAuthorization", "ODataAuthorization\ODataAuthorization.csproj", "{1E07B7C6-F878-4DC0-A454-06EDFA1BD7AF}"
EndProject
Project("{9A19103F-16F7-4668-BE54-9A1E7A4F7556}") = "ComposableWebApplication", "ComposableWebApplication\ComposableWebApplication.csproj", "{618B9C61-C73B-4F60-ACEE-64A7DD9EE3A0}"
EndProject
Project("{9A19103F-16F7-4668-BE54-9A1E7A4F7556}") = "ComposableWebApplication.Plugin1", "ComposableWebApplication.Plugin1\ComposableWebApplication.Plugin1.csproj", "{5305A118-B05C-479B-A1CD-D1E681DFF401}"
EndProject
Project("{9A19103F-16F7-4668-BE54-9A1E7A4F7556}") = "ComposableWebApplication.Plugin2", "ComposableWebApplication.Plugin2\ComposableWebApplication.Plugin2.csproj", "{47316E1C-4936-4A7E-9CA6-B36D259B2F60}"
EndProject
Project("{9A19103F-16F7-4668-BE54-9A1E7A4F7556}") = "ComposableWebApplication.SDK.Core", "ComposableWebApplication.SDK.Core\ComposableWebApplication.SDK.Core.csproj", "{2D6EC134-517C-4A8B-A44F-12E7BB72DF19}"
EndProject
Project("{9A19103F-16F7-4668-BE54-9A1E7A4F7556}") = "ComposableWebApplication.SDK.Web", "ComposableWebApplication.SDK.Web\ComposableWebApplication.SDK.Web.csproj", "{71DFE626-886C-4B26-84BD-7AE5BA1128A5}"
EndProject
Project("{9A19103F-16F7-4668-BE54-9A1E7A4F7556}") = "ComposableWebApplication.Plugin3", "ComposableWebApplication.Plugin3\ComposableWebApplication.Plugin3.csproj", "{B30211AA-74C0-40C0-BF80-5CA731B390B4}"
EndProject
Project("{9A19103F-16F7-4668-BE54-9A1E7A4F7556}") = "LaunchProcessInCurrentUserService", "LaunchProcessInCurrentUserService\LaunchProcessInCurrentUserService.csproj", "{F84DF410-8194-4231-9889-AB1B06680E96}"
EndProject
Project("{9A19103F-16F7-4668-BE54-9A1E7A4F7556}") = "Blazor.App", "Blazor.App\Blazor.App.csproj", "{2437E91F-CA62-4538-BA4D-254D016D41FA}"
EndProject
Project("{9A19103F-16F7-4668-BE54-9A1E7A4F7556}") = "Blazor.SDK.Web", "Blazor.SDK.Web\Blazor.SDK.Web.csproj", "{2368995F-5EDA-4A13-A370-846200EC834B}"
EndProject
Project("{9A19103F-16F7-4668-BE54-9A1E7A4F7556}") = "Blazor.SDK.Core", "Blazor.SDK.Core\Blazor.SDK.Core.csproj", "{A4F3FD2A-6097-480A-A4E4-07AD64FAF60B}"
EndProject
Project("{9A19103F-16F7-4668-BE54-9A1E7A4F7556}") = "Blazor.Plugin1", "Blazor.Plugin1\Blazor.Plugin1.csproj", "{E005FFA0-6DE7-470E-86ED-426B41E17B37}"
EndProject
Project("{2150E333-8FDC-42A3-9474-1A3956D46DE8}") = "blazor", "blazor", "{D5293DB4-7DD6-4F18-9803-5FBFEF0F6B75}"
EndProject
Project("{2150E333-8FDC-42A3-9474-1A3956D46DE8}") = "composableAspNetCore", "composableAspNetCore", "{08ED513E-E0CF-49E5-9898-6505EC331D81}"
EndProject
Project("{2150E333-8FDC-42A3-9474-1A3956D46DE8}") = "services", "services", "{00233BBA-B124-497A-A09B-B9202899C71C}"
EndProject
Project("{2150E333-8FDC-42A3-9474-1A3956D46DE8}") = "api", "api", "{97B7551C-E9AD-4E30-83CD-CF428848DE99}"
EndProject
Project("{2150E333-8FDC-42A3-9474-1A3956D46DE8}") = "Solution Items", "Solution Items", "{0BE2A1D8-7EE0-4FFE-B94F-5F6DA10B2E92}"
	ProjectSection(SolutionItems) = preProject
		.editorconfig = .editorconfig
	EndProjectSection
EndProject
Project("{2150E333-8FDC-42A3-9474-1A3956D46DE8}") = "win32", "win32", "{89A21903-19E5-4E9E-81E3-1FBB932EE435}"
EndProject
Project("{FAE04EC0-301F-11D3-BF4B-00C04F79EFBC}") = "win32access", "win32access\win32access.csproj", "{46DC2F84-7164-417F-8CA3-63C099E6E075}"
EndProject
Global
	GlobalSection(SolutionConfigurationPlatforms) = preSolution
		Debug|Any CPU = Debug|Any CPU
		Release|Any CPU = Release|Any CPU
	EndGlobalSection
	GlobalSection(ProjectConfigurationPlatforms) = postSolution
		{958FBAE6-8970-4A4A-85C2-FA5C3B35BCF3}.Debug|Any CPU.ActiveCfg = Debug|Any CPU
		{958FBAE6-8970-4A4A-85C2-FA5C3B35BCF3}.Debug|Any CPU.Build.0 = Debug|Any CPU
		{958FBAE6-8970-4A4A-85C2-FA5C3B35BCF3}.Release|Any CPU.ActiveCfg = Release|Any CPU
		{958FBAE6-8970-4A4A-85C2-FA5C3B35BCF3}.Release|Any CPU.Build.0 = Release|Any CPU
		{1E07B7C6-F878-4DC0-A454-06EDFA1BD7AF}.Debug|Any CPU.ActiveCfg = Debug|Any CPU
		{1E07B7C6-F878-4DC0-A454-06EDFA1BD7AF}.Debug|Any CPU.Build.0 = Debug|Any CPU
		{1E07B7C6-F878-4DC0-A454-06EDFA1BD7AF}.Release|Any CPU.ActiveCfg = Release|Any CPU
		{1E07B7C6-F878-4DC0-A454-06EDFA1BD7AF}.Release|Any CPU.Build.0 = Release|Any CPU
		{618B9C61-C73B-4F60-ACEE-64A7DD9EE3A0}.Debug|Any CPU.ActiveCfg = Debug|Any CPU
		{618B9C61-C73B-4F60-ACEE-64A7DD9EE3A0}.Debug|Any CPU.Build.0 = Debug|Any CPU
		{618B9C61-C73B-4F60-ACEE-64A7DD9EE3A0}.Release|Any CPU.ActiveCfg = Release|Any CPU
		{618B9C61-C73B-4F60-ACEE-64A7DD9EE3A0}.Release|Any CPU.Build.0 = Release|Any CPU
		{5305A118-B05C-479B-A1CD-D1E681DFF401}.Debug|Any CPU.ActiveCfg = Debug|Any CPU
		{5305A118-B05C-479B-A1CD-D1E681DFF401}.Debug|Any CPU.Build.0 = Debug|Any CPU
		{5305A118-B05C-479B-A1CD-D1E681DFF401}.Release|Any CPU.ActiveCfg = Release|Any CPU
		{5305A118-B05C-479B-A1CD-D1E681DFF401}.Release|Any CPU.Build.0 = Release|Any CPU
		{47316E1C-4936-4A7E-9CA6-B36D259B2F60}.Debug|Any CPU.ActiveCfg = Debug|Any CPU
		{47316E1C-4936-4A7E-9CA6-B36D259B2F60}.Debug|Any CPU.Build.0 = Debug|Any CPU
		{47316E1C-4936-4A7E-9CA6-B36D259B2F60}.Release|Any CPU.ActiveCfg = Release|Any CPU
		{47316E1C-4936-4A7E-9CA6-B36D259B2F60}.Release|Any CPU.Build.0 = Release|Any CPU
		{2D6EC134-517C-4A8B-A44F-12E7BB72DF19}.Debug|Any CPU.ActiveCfg = Debug|Any CPU
		{2D6EC134-517C-4A8B-A44F-12E7BB72DF19}.Debug|Any CPU.Build.0 = Debug|Any CPU
		{2D6EC134-517C-4A8B-A44F-12E7BB72DF19}.Release|Any CPU.ActiveCfg = Release|Any CPU
		{2D6EC134-517C-4A8B-A44F-12E7BB72DF19}.Release|Any CPU.Build.0 = Release|Any CPU
		{71DFE626-886C-4B26-84BD-7AE5BA1128A5}.Debug|Any CPU.ActiveCfg = Debug|Any CPU
		{71DFE626-886C-4B26-84BD-7AE5BA1128A5}.Debug|Any CPU.Build.0 = Debug|Any CPU
		{71DFE626-886C-4B26-84BD-7AE5BA1128A5}.Release|Any CPU.ActiveCfg = Release|Any CPU
		{71DFE626-886C-4B26-84BD-7AE5BA1128A5}.Release|Any CPU.Build.0 = Release|Any CPU
		{B30211AA-74C0-40C0-BF80-5CA731B390B4}.Debug|Any CPU.ActiveCfg = Debug|Any CPU
		{B30211AA-74C0-40C0-BF80-5CA731B390B4}.Debug|Any CPU.Build.0 = Debug|Any CPU
		{B30211AA-74C0-40C0-BF80-5CA731B390B4}.Release|Any CPU.ActiveCfg = Release|Any CPU
		{B30211AA-74C0-40C0-BF80-5CA731B390B4}.Release|Any CPU.Build.0 = Release|Any CPU
		{F84DF410-8194-4231-9889-AB1B06680E96}.Debug|Any CPU.ActiveCfg = Debug|Any CPU
		{F84DF410-8194-4231-9889-AB1B06680E96}.Debug|Any CPU.Build.0 = Debug|Any CPU
		{F84DF410-8194-4231-9889-AB1B06680E96}.Release|Any CPU.ActiveCfg = Release|Any CPU
		{F84DF410-8194-4231-9889-AB1B06680E96}.Release|Any CPU.Build.0 = Release|Any CPU
		{2437E91F-CA62-4538-BA4D-254D016D41FA}.Debug|Any CPU.ActiveCfg = Debug|Any CPU
		{2437E91F-CA62-4538-BA4D-254D016D41FA}.Debug|Any CPU.Build.0 = Debug|Any CPU
		{2437E91F-CA62-4538-BA4D-254D016D41FA}.Release|Any CPU.ActiveCfg = Release|Any CPU
		{2437E91F-CA62-4538-BA4D-254D016D41FA}.Release|Any CPU.Build.0 = Release|Any CPU
		{2368995F-5EDA-4A13-A370-846200EC834B}.Debug|Any CPU.ActiveCfg = Debug|Any CPU
		{2368995F-5EDA-4A13-A370-846200EC834B}.Debug|Any CPU.Build.0 = Debug|Any CPU
		{2368995F-5EDA-4A13-A370-846200EC834B}.Release|Any CPU.ActiveCfg = Release|Any CPU
		{2368995F-5EDA-4A13-A370-846200EC834B}.Release|Any CPU.Build.0 = Release|Any CPU
		{A4F3FD2A-6097-480A-A4E4-07AD64FAF60B}.Debug|Any CPU.ActiveCfg = Debug|Any CPU
		{A4F3FD2A-6097-480A-A4E4-07AD64FAF60B}.Debug|Any CPU.Build.0 = Debug|Any CPU
		{A4F3FD2A-6097-480A-A4E4-07AD64FAF60B}.Release|Any CPU.ActiveCfg = Release|Any CPU
		{A4F3FD2A-6097-480A-A4E4-07AD64FAF60B}.Release|Any CPU.Build.0 = Release|Any CPU
		{E005FFA0-6DE7-470E-86ED-426B41E17B37}.Debug|Any CPU.ActiveCfg = Debug|Any CPU
		{E005FFA0-6DE7-470E-86ED-426B41E17B37}.Debug|Any CPU.Build.0 = Debug|Any CPU
		{E005FFA0-6DE7-470E-86ED-426B41E17B37}.Release|Any CPU.ActiveCfg = Release|Any CPU
		{E005FFA0-6DE7-470E-86ED-426B41E17B37}.Release|Any CPU.Build.0 = Release|Any CPU
		{46DC2F84-7164-417F-8CA3-63C099E6E075}.Debug|Any CPU.ActiveCfg = Debug|Any CPU
		{46DC2F84-7164-417F-8CA3-63C099E6E075}.Debug|Any CPU.Build.0 = Debug|Any CPU
		{46DC2F84-7164-417F-8CA3-63C099E6E075}.Release|Any CPU.ActiveCfg = Release|Any CPU
		{46DC2F84-7164-417F-8CA3-63C099E6E075}.Release|Any CPU.Build.0 = Release|Any CPU
	EndGlobalSection
	GlobalSection(SolutionProperties) = preSolution
		HideSolutionNode = FALSE
	EndGlobalSection
	GlobalSection(NestedProjects) = preSolution
		{958FBAE6-8970-4A4A-85C2-FA5C3B35BCF3} = {97B7551C-E9AD-4E30-83CD-CF428848DE99}
		{1E07B7C6-F878-4DC0-A454-06EDFA1BD7AF} = {97B7551C-E9AD-4E30-83CD-CF428848DE99}
		{618B9C61-C73B-4F60-ACEE-64A7DD9EE3A0} = {08ED513E-E0CF-49E5-9898-6505EC331D81}
		{5305A118-B05C-479B-A1CD-D1E681DFF401} = {08ED513E-E0CF-49E5-9898-6505EC331D81}
		{47316E1C-4936-4A7E-9CA6-B36D259B2F60} = {08ED513E-E0CF-49E5-9898-6505EC331D81}
		{2D6EC134-517C-4A8B-A44F-12E7BB72DF19} = {08ED513E-E0CF-49E5-9898-6505EC331D81}
		{71DFE626-886C-4B26-84BD-7AE5BA1128A5} = {08ED513E-E0CF-49E5-9898-6505EC331D81}
		{B30211AA-74C0-40C0-BF80-5CA731B390B4} = {08ED513E-E0CF-49E5-9898-6505EC331D81}
		{F84DF410-8194-4231-9889-AB1B06680E96} = {00233BBA-B124-497A-A09B-B9202899C71C}
		{2437E91F-CA62-4538-BA4D-254D016D41FA} = {D5293DB4-7DD6-4F18-9803-5FBFEF0F6B75}
		{2368995F-5EDA-4A13-A370-846200EC834B} = {D5293DB4-7DD6-4F18-9803-5FBFEF0F6B75}
		{A4F3FD2A-6097-480A-A4E4-07AD64FAF60B} = {D5293DB4-7DD6-4F18-9803-5FBFEF0F6B75}
		{E005FFA0-6DE7-470E-86ED-426B41E17B37} = {D5293DB4-7DD6-4F18-9803-5FBFEF0F6B75}
		{46DC2F84-7164-417F-8CA3-63C099E6E075} = {89A21903-19E5-4E9E-81E3-1FBB932EE435}
	EndGlobalSection
	GlobalSection(ExtensibilityGlobals) = postSolution
		SolutionGuid = {9519F636-1DDF-464F-9BE2-FFFD51628E4F}
	EndGlobalSection
EndGlobal
